
Microsoft Visual Studio Solution File, Format Version 12.00
Project("{FAE04EC0-301F-11D3-BF4B-00C04F79EFBC}") = "Demo\Part11_Library", "Demo\Part11_Library\Part11_Library.csproj", "{1CC37D2A-6907-4AEF-BAFF-97DA134963D8}"
EndProject
Project("{FAE04EC0-301F-11D3-BF4B-00C04F79EFBC}") = "Demo\Part12_ResourceSystem", "Demo\Part12_ResourceSystem\Part12_ResourceSystem.csproj", "{050F79E3-5009-4E62-B6D9-3647EE67F65F}"
EndProject
Global
	GlobalSection(SolutionConfigurationPlatforms) = preSolution
		Debug|Any CPU = Debug|Any CPU
		Release|Any CPU = Release|Any CPU
	EndGlobalSection
	GlobalSection(ProjectConfigurationPlatforms) = postSolution
		{1CC37D2A-6907-4AEF-BAFF-97DA134963D8}.Debug|Any CPU.ActiveCfg = Debug|Any CPU
		{1CC37D2A-6907-4AEF-BAFF-97DA134963D8}.Debug|Any CPU.Build.0 = Debug|Any CPU
		{1CC37D2A-6907-4AEF-BAFF-97DA134963D8}.Release|Any CPU.ActiveCfg = Release|Any CPU
		{1CC37D2A-6907-4AEF-BAFF-97DA134963D8}.Release|Any CPU.Build.0 = Release|Any CPU
		{050F79E3-5009-4E62-B6D9-3647EE67F65F}.Debug|Any CPU.ActiveCfg = Debug|Any CPU
		{050F79E3-5009-4E62-B6D9-3647EE67F65F}.Debug|Any CPU.Build.0 = Debug|Any CPU
		{050F79E3-5009-4E62-B6D9-3647EE67F65F}.Release|Any CPU.ActiveCfg = Release|Any CPU
		{050F79E3-5009-4E62-B6D9-3647EE67F65F}.Release|Any CPU.Build.0 = Release|Any CPU
	EndGlobalSection
EndGlobal
