
Microsoft Visual Studio Solution File, Format Version 12.00
Project("{FAE04EC0-301F-11D3-BF4B-00C04F79EFBC}") = "AvaloniaApplication2", "AvaloniaApplication2\AvaloniaApplication2.csproj", "{DA78FD69-21E9-4191-9348-1692977FF7B6}"
EndProject
Global
	GlobalSection(SolutionConfigurationPlatforms) = preSolution
		Debug|Any CPU = Debug|Any CPU
		Release|Any CPU = Release|Any CPU
	EndGlobalSection
	GlobalSection(ProjectConfigurationPlatforms) = postSolution
		{DA78FD69-21E9-4191-9348-1692977FF7B6}.Debug|Any CPU.ActiveCfg = Debug|Any CPU
		{DA78FD69-21E9-4191-9348-1692977FF7B6}.Debug|Any CPU.Build.0 = Debug|Any CPU
		{DA78FD69-21E9-4191-9348-1692977FF7B6}.Release|Any CPU.ActiveCfg = Release|Any CPU
		{DA78FD69-21E9-4191-9348-1692977FF7B6}.Release|Any CPU.Build.0 = Release|Any CPU
	EndGlobalSection
EndGlobal
